
Microsoft Visual Studio Solution File, Format Version 12.00
# Visual Studio 14
VisualStudioVersion = 14.0.24720.0
MinimumVisualStudioVersion = 10.0.40219.1
Project("{FAE04EC0-301F-11D3-BF4B-00C04F79EFBC}") = "hTunes", "hTunes.csproj", "{A00F957D-7A5E-4B9D-B8EF-31379A7DE8CB}"
EndProject
Global
	GlobalSection(SolutionConfigurationPlatforms) = preSolution
		Debug|Any CPU = Debug|Any CPU
		Release|Any CPU = Release|Any CPU
	EndGlobalSection
	GlobalSection(ProjectConfigurationPlatforms) = postSolution
		{A00F957D-7A5E-4B9D-B8EF-31379A7DE8CB}.Debug|Any CPU.ActiveCfg = Debug|Any CPU
		{A00F957D-7A5E-4B9D-B8EF-31379A7DE8CB}.Debug|Any CPU.Build.0 = Debug|Any CPU
		{A00F957D-7A5E-4B9D-B8EF-31379A7DE8CB}.Release|Any CPU.ActiveCfg = Release|Any CPU
		{A00F957D-7A5E-4B9D-B8EF-31379A7DE8CB}.Release|Any CPU.Build.0 = Release|Any CPU
	EndGlobalSection
	GlobalSection(SolutionProperties) = preSolution
		HideSolutionNode = FALSE
	EndGlobalSection
EndGlobal
